
Microsoft Visual Studio Solution File, Format Version 12.00
# Visual Studio 15
VisualStudioVersion = 15.0.27130.2024
MinimumVisualStudioVersion = 10.0.40219.1
Project("{FAE04EC0-301F-11D3-BF4B-00C04F79EFBC}") = "NationalityGame.App", "NationalityGame.App\NationalityGame.App.csproj", "{4628ED3D-BF7A-4974-8459-4BE47C34640E}"
EndProject
Project("{FAE04EC0-301F-11D3-BF4B-00C04F79EFBC}") = "NationalityGame.Mechanics", "NationalityGame.Mechanics\NationalityGame.Mechanics.csproj", "{A6E54DF0-8BF2-4E61-8441-C77C847A8470}"
EndProject
Project("{FAE04EC0-301F-11D3-BF4B-00C04F79EFBC}") = "NationalityGame.Presentation", "NationalityGame.Presentation\NationalityGame.Presentation.csproj", "{62010355-82E7-4B8D-B766-1FF00D955654}"
EndProject
Project("{FAE04EC0-301F-11D3-BF4B-00C04F79EFBC}") = "NationalityGame.Configuration", "NationalityGame.Configuration\NationalityGame.Configuration.csproj", "{8212CD46-CEF6-4D84-92A2-FF6E1996F215}"
EndProject
Project("{2150E333-8FDC-42A3-9474-1A3956D46DE8}") = "Tests", "Tests", "{3D39BF49-36E2-451D-9ED2-4A42831357E4}"
EndProject
Project("{FAE04EC0-301F-11D3-BF4B-00C04F79EFBC}") = "NationalityGame.Tests.Base", "NationalityGame.Tests.Base\NationalityGame.Tests.Base.csproj", "{4C3D67B4-7FA6-4821-AB7F-871526E966AB}"
EndProject
Project("{FAE04EC0-301F-11D3-BF4B-00C04F79EFBC}") = "NationalityGame.Presentation.Tests.Unit", "NationalityGame.Presentation.Tests.Unit\NationalityGame.Presentation.Tests.Unit.csproj", "{6D2545EB-9D53-4CCB-8618-D42A8A895A63}"
EndProject
Global
	GlobalSection(SolutionConfigurationPlatforms) = preSolution
		Debug|Any CPU = Debug|Any CPU
		Release|Any CPU = Release|Any CPU
	EndGlobalSection
	GlobalSection(ProjectConfigurationPlatforms) = postSolution
		{4628ED3D-BF7A-4974-8459-4BE47C34640E}.Debug|Any CPU.ActiveCfg = Debug|Any CPU
		{4628ED3D-BF7A-4974-8459-4BE47C34640E}.Debug|Any CPU.Build.0 = Debug|Any CPU
		{4628ED3D-BF7A-4974-8459-4BE47C34640E}.Release|Any CPU.ActiveCfg = Release|Any CPU
		{4628ED3D-BF7A-4974-8459-4BE47C34640E}.Release|Any CPU.Build.0 = Release|Any CPU
		{A6E54DF0-8BF2-4E61-8441-C77C847A8470}.Debug|Any CPU.ActiveCfg = Debug|Any CPU
		{A6E54DF0-8BF2-4E61-8441-C77C847A8470}.Debug|Any CPU.Build.0 = Debug|Any CPU
		{A6E54DF0-8BF2-4E61-8441-C77C847A8470}.Release|Any CPU.ActiveCfg = Release|Any CPU
		{A6E54DF0-8BF2-4E61-8441-C77C847A8470}.Release|Any CPU.Build.0 = Release|Any CPU
		{62010355-82E7-4B8D-B766-1FF00D955654}.Debug|Any CPU.ActiveCfg = Debug|Any CPU
		{62010355-82E7-4B8D-B766-1FF00D955654}.Debug|Any CPU.Build.0 = Debug|Any CPU
		{62010355-82E7-4B8D-B766-1FF00D955654}.Release|Any CPU.ActiveCfg = Release|Any CPU
		{62010355-82E7-4B8D-B766-1FF00D955654}.Release|Any CPU.Build.0 = Release|Any CPU
		{8212CD46-CEF6-4D84-92A2-FF6E1996F215}.Debug|Any CPU.ActiveCfg = Debug|Any CPU
		{8212CD46-CEF6-4D84-92A2-FF6E1996F215}.Debug|Any CPU.Build.0 = Debug|Any CPU
		{8212CD46-CEF6-4D84-92A2-FF6E1996F215}.Release|Any CPU.ActiveCfg = Release|Any CPU
		{8212CD46-CEF6-4D84-92A2-FF6E1996F215}.Release|Any CPU.Build.0 = Release|Any CPU
		{4C3D67B4-7FA6-4821-AB7F-871526E966AB}.Debug|Any CPU.ActiveCfg = Debug|Any CPU
		{4C3D67B4-7FA6-4821-AB7F-871526E966AB}.Debug|Any CPU.Build.0 = Debug|Any CPU
		{4C3D67B4-7FA6-4821-AB7F-871526E966AB}.Release|Any CPU.ActiveCfg = Release|Any CPU
		{4C3D67B4-7FA6-4821-AB7F-871526E966AB}.Release|Any CPU.Build.0 = Release|Any CPU
		{6D2545EB-9D53-4CCB-8618-D42A8A895A63}.Debug|Any CPU.ActiveCfg = Debug|Any CPU
		{6D2545EB-9D53-4CCB-8618-D42A8A895A63}.Debug|Any CPU.Build.0 = Debug|Any CPU
		{6D2545EB-9D53-4CCB-8618-D42A8A895A63}.Release|Any CPU.ActiveCfg = Release|Any CPU
		{6D2545EB-9D53-4CCB-8618-D42A8A895A63}.Release|Any CPU.Build.0 = Release|Any CPU
	EndGlobalSection
	GlobalSection(SolutionProperties) = preSolution
		HideSolutionNode = FALSE
	EndGlobalSection
	GlobalSection(NestedProjects) = preSolution
		{4C3D67B4-7FA6-4821-AB7F-871526E966AB} = {3D39BF49-36E2-451D-9ED2-4A42831357E4}
		{6D2545EB-9D53-4CCB-8618-D42A8A895A63} = {3D39BF49-36E2-451D-9ED2-4A42831357E4}
	EndGlobalSection
	GlobalSection(ExtensibilityGlobals) = postSolution
		SolutionGuid = {020878ED-9BB7-4E73-91F5-D8B253DF8E52}
	EndGlobalSection
EndGlobal
